
Microsoft Visual Studio Solution File, Format Version 12.00
# Visual Studio 2012
Project("{FAE04EC0-301F-11D3-BF4B-00C04F79EFBC}") = "s2230moshou", "s2230moshou\s2230moshou.csproj", "{1B771941-7888-4D53-9BEC-39EB75E7A45A}"
EndProject
Project("{FAE04EC0-301F-11D3-BF4B-00C04F79EFBC}") = "s2230tuo", "s2230tuo\s2230tuo.csproj", "{915E3C47-FE56-456D-99B5-B966F1925550}"
EndProject
Project("{FAE04EC0-301F-11D3-BF4B-00C04F79EFBC}") = "s2230tuodem", "s2230tuodem\s2230tuodem.csproj", "{E0B68BC1-115D-4E13-BFD7-670D5854D7B1}"
EndProject
Project("{FAE04EC0-301F-11D3-BF4B-00C04F79EFBC}") = "s2230tuodem2", "s2230tuodem2\s2230tuodem2.csproj", "{DD7AF665-F67E-4AA0-B80C-2770B872B1FD}"
EndProject
Project("{FAE04EC0-301F-11D3-BF4B-00C04F79EFBC}") = "s2230zhichaundi", "s2230zhichaundi\s2230zhichaundi.csproj", "{F1310663-772C-43E3-A574-CC8EFEB14D31}"
EndProject
Project("{FAE04EC0-301F-11D3-BF4B-00C04F79EFBC}") = "s2230new", "s2230new\s2230new.csproj", "{589ABDA0-4909-4CC7-AAA4-32658BEBDFDC}"
EndProject
Project("{FAE04EC0-301F-11D3-BF4B-00C04F79EFBC}") = "FrmMyOffice", "FrmMyOffice\FrmMyOffice.csproj", "{E6DDCF1B-29B7-49F1-BA01-908D16265EB9}"
EndProject
Project("{2150E333-8FDC-42A3-9474-1A3956D46DE8}") = "s2230-02", "s2230-02", "{AB20B8E7-93BB-4752-A833-72D32100CFFE}"
EndProject
Project("{FAE04EC0-301F-11D3-BF4B-00C04F79EFBC}") = "s2230-03-01", "s2230-03-01\s2230-03-01.csproj", "{F79F930A-B0D2-46CF-9CB3-E2B6D3CD59C0}"
EndProject
Project("{FAE04EC0-301F-11D3-BF4B-00C04F79EFBC}") = "FrmProject", "FrmProject\FrmProject.csproj", "{61FD399F-A75B-420E-A41E-8E90E7C8D2EA}"
EndProject
Project("{FAE04EC0-301F-11D3-BF4B-00C04F79EFBC}") = "s2230-03-02", "s2230-03-02\s2230-03-02.csproj", "{BF8EA56A-14F2-488C-9545-8C0C750164FA}"
EndProject
Project("{FAE04EC0-301F-11D3-BF4B-00C04F79EFBC}") = "s2230-04-02", "s2230-04-02\s2230-04-02.csproj", "{F3EC8458-40CD-4CA1-A266-F7EFF954977F}"
EndProject
Project("{2150E333-8FDC-42A3-9474-1A3956D46DE8}") = "s2230-03", "s2230-03", "{3948F995-A9D9-4BD5-86EC-4FD7993CC9C4}"
EndProject
Project("{FAE04EC0-301F-11D3-BF4B-00C04F79EFBC}") = "s2230-04-03", "s2230-04-03\s2230-04-03.csproj", "{54EAB677-DCFB-49B8-9749-3E1F8AB3FE38}"
EndProject
Project("{FAE04EC0-301F-11D3-BF4B-00C04F79EFBC}") = "Frmtaocan", "Frmtaocan\Frmtaocan.csproj", "{1EAC6BE2-0F1E-4F88-9F90-51B39D5EACBC}"
EndProject
Project("{FAE04EC0-301F-11D3-BF4B-00C04F79EFBC}") = "FrmMian", "FrmMian\FrmMian.csproj", "{ABD76CF8-6D78-4D2C-A021-F63FC52A5DA1}"
EndProject
Project("{FAE04EC0-301F-11D3-BF4B-00C04F79EFBC}") = "MyMain", "MyMain\MyMain.csproj", "{4B899BC2-AAC9-4D2A-8925-B9992A1F3CE8}"
EndProject
Project("{2150E333-8FDC-42A3-9474-1A3956D46DE8}") = "Solution Items", "Solution Items", "{8727A93E-6ECD-454C-ABB2-C6CD8C88C422}"
	ProjectSection(SolutionItems) = preProject
		E:\1424719291\FileRecv\Exam2\Exam2\bin\Debug\Exam2.pdb = E:\1424719291\FileRecv\Exam2\Exam2\bin\Debug\Exam2.pdb
		E:\1424719291\FileRecv\Exam2\Exam2\Form1.cs = E:\1424719291\FileRecv\Exam2\Exam2\Form1.cs
	EndProjectSection
EndProject
Project("{2150E333-8FDC-42A3-9474-1A3956D46DE8}") = "s2230-04", "s2230-04", "{A19CBD99-5BFE-4DB8-BF82-7248ED8215C8}"
EndProject
Project("{FAE04EC0-301F-11D3-BF4B-00C04F79EFBC}") = "MiMain", "MiMain\MiMain.csproj", "{0D5742B7-CA89-4FD3-A211-FF4D53B87BCA}"
EndProject
Project("{FAE04EC0-301F-11D3-BF4B-00C04F79EFBC}") = "s2230-06", "s2230-06\s2230-06.csproj", "{B5681B21-238F-4374-9125-4A65C79F96D8}"
EndProject
Project("{FAE04EC0-301F-11D3-BF4B-00C04F79EFBC}") = "0duotai", "0duotai\0duotai.csproj", "{01E15852-7A77-4768-91D5-28B56BC3BB64}"
EndProject
Project("{FAE04EC0-301F-11D3-BF4B-00C04F79EFBC}") = "D04-demo1", "D04-demo1\D04-demo1.csproj", "{3174AAFB-AC58-42C8-925B-B996ECA9ED3D}"
EndProject
Project("{FAE04EC0-301F-11D3-BF4B-00C04F79EFBC}") = "D04-demo2", "D04-demo2\D04-demo2.csproj", "{C3769EE0-55F3-42EC-AAC0-3385E2461BB5}"
EndProject
Project("{FAE04EC0-301F-11D3-BF4B-00C04F79EFBC}") = "0jicheng", "0jicheng\0jicheng.csproj", "{1D9FAC82-1CD9-4EF9-A7C0-D5D59716E734}"
EndProject
Project("{FAE04EC0-301F-11D3-BF4B-00C04F79EFBC}") = "D04-demo4", "D04-demo4\D04-demo4.csproj", "{0B843FCF-06F6-4F44-A765-B646512A4B27}"
EndProject
Project("{2150E333-8FDC-42A3-9474-1A3956D46DE8}") = "s2230-06.", "s2230-06.", "{D6BA8499-D432-4029-8B73-66998F906F71}"
EndProject
Project("{FAE04EC0-301F-11D3-BF4B-00C04F79EFBC}") = "Daey01", "Daey01\Daey01.csproj", "{5FC9BF52-E2EB-4194-B005-3B77CBE1812D}"
EndProject
Project("{FAE04EC0-301F-11D3-BF4B-00C04F79EFBC}") = "qingchu", "qingchu\qingchu.csproj", "{48D5B05A-025B-420B-B651-217B336222B7}"
EndProject
Project("{FAE04EC0-301F-11D3-BF4B-00C04F79EFBC}") = "FemCar", "FemCar\FemCar.csproj", "{A743E943-3A2D-4EFC-8672-FDEA205F9A51}"
EndProject
Project("{FAE04EC0-301F-11D3-BF4B-00C04F79EFBC}") = "FrmMain1", "FrmMain1\FrmMain1.csproj", "{16F54250-60C0-42A1-B0C0-851CC033B45D}"
EndProject
Project("{FAE04EC0-301F-11D3-BF4B-00C04F79EFBC}") = "FrmForm", "FrmForm\FrmForm.csproj", "{80CC2807-3737-4BD2-AEAF-3D3003A08460}"
EndProject
Project("{FAE04EC0-301F-11D3-BF4B-00C04F79EFBC}") = "Frmpaty", "Frmpaty\Frmpaty.csproj", "{8A67DC2F-4FA2-495D-A443-C4E18E46B989}"
EndProject
Project("{2150E333-8FDC-42A3-9474-1A3956D46DE8}") = "s2230-07", "s2230-07", "{504B6083-B205-4909-BE0E-8C68A8874E74}"
EndProject
Project("{2150E333-8FDC-42A3-9474-1A3956D46DE8}") = "s2230-08", "s2230-08", "{B52A5CC1-CF0D-4082-A612-DD7142857ED7}"
EndProject
Project("{FAE04EC0-301F-11D3-BF4B-00C04F79EFBC}") = "-08-xml", "-08-xml\-08-xml.csproj", "{1675D7CC-EB84-4B34-9405-76B8D12CD604}"
EndProject
Project("{FAE04EC0-301F-11D3-BF4B-00C04F79EFBC}") = "FrmTreeView", "FrmTreeView\FrmTreeView.csproj", "{14A48311-AF8B-483B-A16A-0BFF8BEB25DE}"
EndProject
Project("{FAE04EC0-301F-11D3-BF4B-00C04F79EFBC}") = "Frmjingling", "Frmjingling\Frmjingling.csproj", "{EDDC5FAE-78E3-4847-84CA-FED58FB397FE}"
EndProject
Project("{FAE04EC0-301F-11D3-BF4B-00C04F79EFBC}") = "FrmReader", "FrmReader\FrmReader.csproj", "{DCE90572-C9D2-4C3B-8417-BD851350A603}"
EndProject
Project("{FAE04EC0-301F-11D3-BF4B-00C04F79EFBC}") = "mainol", "mainol\mainol.csproj", "{EE4D84A9-9ED6-4EAD-AB26-FA604FEB6F95}"
EndProject
Project("{FAE04EC0-301F-11D3-BF4B-00C04F79EFBC}") = "feibol", "feibol\feibol.csproj", "{1811D5CA-FBF3-46B9-983D-78490B18384E}"
EndProject
Project("{FAE04EC0-301F-11D3-BF4B-00C04F79EFBC}") = "Frmze", "Frmze\Frmze.csproj", "{E4C74007-5440-4279-8B2E-4D98B429D26E}"
EndProject
Project("{2150E333-8FDC-42A3-9474-1A3956D46DE8}") = "s2230-09", "s2230-09", "{94DB07A7-6337-4963-83E5-6305A8A7760A}"
EndProject
Global
	GlobalSection(SolutionConfigurationPlatforms) = preSolution
		Debug|Any CPU = Debug|Any CPU
		Release|Any CPU = Release|Any CPU
	EndGlobalSection
	GlobalSection(ProjectConfigurationPlatforms) = postSolution
		{1B771941-7888-4D53-9BEC-39EB75E7A45A}.Debug|Any CPU.ActiveCfg = Debug|Any CPU
		{1B771941-7888-4D53-9BEC-39EB75E7A45A}.Debug|Any CPU.Build.0 = Debug|Any CPU
		{1B771941-7888-4D53-9BEC-39EB75E7A45A}.Release|Any CPU.ActiveCfg = Release|Any CPU
		{1B771941-7888-4D53-9BEC-39EB75E7A45A}.Release|Any CPU.Build.0 = Release|Any CPU
		{915E3C47-FE56-456D-99B5-B966F1925550}.Debug|Any CPU.ActiveCfg = Debug|Any CPU
		{915E3C47-FE56-456D-99B5-B966F1925550}.Debug|Any CPU.Build.0 = Debug|Any CPU
		{915E3C47-FE56-456D-99B5-B966F1925550}.Release|Any CPU.ActiveCfg = Release|Any CPU
		{915E3C47-FE56-456D-99B5-B966F1925550}.Release|Any CPU.Build.0 = Release|Any CPU
		{E0B68BC1-115D-4E13-BFD7-670D5854D7B1}.Debug|Any CPU.ActiveCfg = Debug|Any CPU
		{E0B68BC1-115D-4E13-BFD7-670D5854D7B1}.Debug|Any CPU.Build.0 = Debug|Any CPU
		{E0B68BC1-115D-4E13-BFD7-670D5854D7B1}.Release|Any CPU.ActiveCfg = Release|Any CPU
		{E0B68BC1-115D-4E13-BFD7-670D5854D7B1}.Release|Any CPU.Build.0 = Release|Any CPU
		{DD7AF665-F67E-4AA0-B80C-2770B872B1FD}.Debug|Any CPU.ActiveCfg = Debug|Any CPU
		{DD7AF665-F67E-4AA0-B80C-2770B872B1FD}.Debug|Any CPU.Build.0 = Debug|Any CPU
		{DD7AF665-F67E-4AA0-B80C-2770B872B1FD}.Release|Any CPU.ActiveCfg = Release|Any CPU
		{DD7AF665-F67E-4AA0-B80C-2770B872B1FD}.Release|Any CPU.Build.0 = Release|Any CPU
		{F1310663-772C-43E3-A574-CC8EFEB14D31}.Debug|Any CPU.ActiveCfg = Debug|Any CPU
		{F1310663-772C-43E3-A574-CC8EFEB14D31}.Debug|Any CPU.Build.0 = Debug|Any CPU
		{F1310663-772C-43E3-A574-CC8EFEB14D31}.Release|Any CPU.ActiveCfg = Release|Any CPU
		{F1310663-772C-43E3-A574-CC8EFEB14D31}.Release|Any CPU.Build.0 = Release|Any CPU
		{589ABDA0-4909-4CC7-AAA4-32658BEBDFDC}.Debug|Any CPU.ActiveCfg = Debug|Any CPU
		{589ABDA0-4909-4CC7-AAA4-32658BEBDFDC}.Debug|Any CPU.Build.0 = Debug|Any CPU
		{589ABDA0-4909-4CC7-AAA4-32658BEBDFDC}.Release|Any CPU.ActiveCfg = Release|Any CPU
		{589ABDA0-4909-4CC7-AAA4-32658BEBDFDC}.Release|Any CPU.Build.0 = Release|Any CPU
		{E6DDCF1B-29B7-49F1-BA01-908D16265EB9}.Debug|Any CPU.ActiveCfg = Debug|Any CPU
		{E6DDCF1B-29B7-49F1-BA01-908D16265EB9}.Debug|Any CPU.Build.0 = Debug|Any CPU
		{E6DDCF1B-29B7-49F1-BA01-908D16265EB9}.Release|Any CPU.ActiveCfg = Release|Any CPU
		{E6DDCF1B-29B7-49F1-BA01-908D16265EB9}.Release|Any CPU.Build.0 = Release|Any CPU
		{F79F930A-B0D2-46CF-9CB3-E2B6D3CD59C0}.Debug|Any CPU.ActiveCfg = Debug|Any CPU
		{F79F930A-B0D2-46CF-9CB3-E2B6D3CD59C0}.Debug|Any CPU.Build.0 = Debug|Any CPU
		{F79F930A-B0D2-46CF-9CB3-E2B6D3CD59C0}.Release|Any CPU.ActiveCfg = Release|Any CPU
		{F79F930A-B0D2-46CF-9CB3-E2B6D3CD59C0}.Release|Any CPU.Build.0 = Release|Any CPU
		{61FD399F-A75B-420E-A41E-8E90E7C8D2EA}.Debug|Any CPU.ActiveCfg = Debug|Any CPU
		{61FD399F-A75B-420E-A41E-8E90E7C8D2EA}.Debug|Any CPU.Build.0 = Debug|Any CPU
		{61FD399F-A75B-420E-A41E-8E90E7C8D2EA}.Release|Any CPU.ActiveCfg = Release|Any CPU
		{61FD399F-A75B-420E-A41E-8E90E7C8D2EA}.Release|Any CPU.Build.0 = Release|Any CPU
		{BF8EA56A-14F2-488C-9545-8C0C750164FA}.Debug|Any CPU.ActiveCfg = Debug|Any CPU
		{BF8EA56A-14F2-488C-9545-8C0C750164FA}.Debug|Any CPU.Build.0 = Debug|Any CPU
		{BF8EA56A-14F2-488C-9545-8C0C750164FA}.Release|Any CPU.ActiveCfg = Release|Any CPU
		{BF8EA56A-14F2-488C-9545-8C0C750164FA}.Release|Any CPU.Build.0 = Release|Any CPU
		{F3EC8458-40CD-4CA1-A266-F7EFF954977F}.Debug|Any CPU.ActiveCfg = Debug|Any CPU
		{F3EC8458-40CD-4CA1-A266-F7EFF954977F}.Debug|Any CPU.Build.0 = Debug|Any CPU
		{F3EC8458-40CD-4CA1-A266-F7EFF954977F}.Release|Any CPU.ActiveCfg = Release|Any CPU
		{F3EC8458-40CD-4CA1-A266-F7EFF954977F}.Release|Any CPU.Build.0 = Release|Any CPU
		{54EAB677-DCFB-49B8-9749-3E1F8AB3FE38}.Debug|Any CPU.ActiveCfg = Debug|Any CPU
		{54EAB677-DCFB-49B8-9749-3E1F8AB3FE38}.Debug|Any CPU.Build.0 = Debug|Any CPU
		{54EAB677-DCFB-49B8-9749-3E1F8AB3FE38}.Release|Any CPU.ActiveCfg = Release|Any CPU
		{54EAB677-DCFB-49B8-9749-3E1F8AB3FE38}.Release|Any CPU.Build.0 = Release|Any CPU
		{1EAC6BE2-0F1E-4F88-9F90-51B39D5EACBC}.Debug|Any CPU.ActiveCfg = Debug|Any CPU
		{1EAC6BE2-0F1E-4F88-9F90-51B39D5EACBC}.Debug|Any CPU.Build.0 = Debug|Any CPU
		{1EAC6BE2-0F1E-4F88-9F90-51B39D5EACBC}.Release|Any CPU.ActiveCfg = Release|Any CPU
		{1EAC6BE2-0F1E-4F88-9F90-51B39D5EACBC}.Release|Any CPU.Build.0 = Release|Any CPU
		{ABD76CF8-6D78-4D2C-A021-F63FC52A5DA1}.Debug|Any CPU.ActiveCfg = Debug|Any CPU
		{ABD76CF8-6D78-4D2C-A021-F63FC52A5DA1}.Debug|Any CPU.Build.0 = Debug|Any CPU
		{ABD76CF8-6D78-4D2C-A021-F63FC52A5DA1}.Release|Any CPU.ActiveCfg = Release|Any CPU
		{ABD76CF8-6D78-4D2C-A021-F63FC52A5DA1}.Release|Any CPU.Build.0 = Release|Any CPU
		{4B899BC2-AAC9-4D2A-8925-B9992A1F3CE8}.Debug|Any CPU.ActiveCfg = Debug|Any CPU
		{4B899BC2-AAC9-4D2A-8925-B9992A1F3CE8}.Debug|Any CPU.Build.0 = Debug|Any CPU
		{4B899BC2-AAC9-4D2A-8925-B9992A1F3CE8}.Release|Any CPU.ActiveCfg = Release|Any CPU
		{4B899BC2-AAC9-4D2A-8925-B9992A1F3CE8}.Release|Any CPU.Build.0 = Release|Any CPU
		{0D5742B7-CA89-4FD3-A211-FF4D53B87BCA}.Debug|Any CPU.ActiveCfg = Debug|Any CPU
		{0D5742B7-CA89-4FD3-A211-FF4D53B87BCA}.Debug|Any CPU.Build.0 = Debug|Any CPU
		{0D5742B7-CA89-4FD3-A211-FF4D53B87BCA}.Release|Any CPU.ActiveCfg = Release|Any CPU
		{0D5742B7-CA89-4FD3-A211-FF4D53B87BCA}.Release|Any CPU.Build.0 = Release|Any CPU
		{B5681B21-238F-4374-9125-4A65C79F96D8}.Debug|Any CPU.ActiveCfg = Debug|Any CPU
		{B5681B21-238F-4374-9125-4A65C79F96D8}.Debug|Any CPU.Build.0 = Debug|Any CPU
		{B5681B21-238F-4374-9125-4A65C79F96D8}.Release|Any CPU.ActiveCfg = Release|Any CPU
		{B5681B21-238F-4374-9125-4A65C79F96D8}.Release|Any CPU.Build.0 = Release|Any CPU
		{01E15852-7A77-4768-91D5-28B56BC3BB64}.Debug|Any CPU.ActiveCfg = Debug|Any CPU
		{01E15852-7A77-4768-91D5-28B56BC3BB64}.Debug|Any CPU.Build.0 = Debug|Any CPU
		{01E15852-7A77-4768-91D5-28B56BC3BB64}.Release|Any CPU.ActiveCfg = Release|Any CPU
		{01E15852-7A77-4768-91D5-28B56BC3BB64}.Release|Any CPU.Build.0 = Release|Any CPU
		{3174AAFB-AC58-42C8-925B-B996ECA9ED3D}.Debug|Any CPU.ActiveCfg = Debug|Any CPU
		{3174AAFB-AC58-42C8-925B-B996ECA9ED3D}.Debug|Any CPU.Build.0 = Debug|Any CPU
		{3174AAFB-AC58-42C8-925B-B996ECA9ED3D}.Release|Any CPU.ActiveCfg = Release|Any CPU
		{3174AAFB-AC58-42C8-925B-B996ECA9ED3D}.Release|Any CPU.Build.0 = Release|Any CPU
		{C3769EE0-55F3-42EC-AAC0-3385E2461BB5}.Debug|Any CPU.ActiveCfg = Debug|Any CPU
		{C3769EE0-55F3-42EC-AAC0-3385E2461BB5}.Debug|Any CPU.Build.0 = Debug|Any CPU
		{C3769EE0-55F3-42EC-AAC0-3385E2461BB5}.Release|Any CPU.ActiveCfg = Release|Any CPU
		{C3769EE0-55F3-42EC-AAC0-3385E2461BB5}.Release|Any CPU.Build.0 = Release|Any CPU
		{1D9FAC82-1CD9-4EF9-A7C0-D5D59716E734}.Debug|Any CPU.ActiveCfg = Debug|Any CPU
		{1D9FAC82-1CD9-4EF9-A7C0-D5D59716E734}.Debug|Any CPU.Build.0 = Debug|Any CPU
		{1D9FAC82-1CD9-4EF9-A7C0-D5D59716E734}.Release|Any CPU.ActiveCfg = Release|Any CPU
		{1D9FAC82-1CD9-4EF9-A7C0-D5D59716E734}.Release|Any CPU.Build.0 = Release|Any CPU
		{0B843FCF-06F6-4F44-A765-B646512A4B27}.Debug|Any CPU.ActiveCfg = Debug|Any CPU
		{0B843FCF-06F6-4F44-A765-B646512A4B27}.Debug|Any CPU.Build.0 = Debug|Any CPU
		{0B843FCF-06F6-4F44-A765-B646512A4B27}.Release|Any CPU.ActiveCfg = Release|Any CPU
		{0B843FCF-06F6-4F44-A765-B646512A4B27}.Release|Any CPU.Build.0 = Release|Any CPU
		{5FC9BF52-E2EB-4194-B005-3B77CBE1812D}.Debug|Any CPU.ActiveCfg = Debug|Any CPU
		{5FC9BF52-E2EB-4194-B005-3B77CBE1812D}.Debug|Any CPU.Build.0 = Debug|Any CPU
		{5FC9BF52-E2EB-4194-B005-3B77CBE1812D}.Release|Any CPU.ActiveCfg = Release|Any CPU
		{5FC9BF52-E2EB-4194-B005-3B77CBE1812D}.Release|Any CPU.Build.0 = Release|Any CPU
		{48D5B05A-025B-420B-B651-217B336222B7}.Debug|Any CPU.ActiveCfg = Debug|Any CPU
		{48D5B05A-025B-420B-B651-217B336222B7}.Debug|Any CPU.Build.0 = Debug|Any CPU
		{48D5B05A-025B-420B-B651-217B336222B7}.Release|Any CPU.ActiveCfg = Release|Any CPU
		{48D5B05A-025B-420B-B651-217B336222B7}.Release|Any CPU.Build.0 = Release|Any CPU
		{A743E943-3A2D-4EFC-8672-FDEA205F9A51}.Debug|Any CPU.ActiveCfg = Debug|Any CPU
		{A743E943-3A2D-4EFC-8672-FDEA205F9A51}.Debug|Any CPU.Build.0 = Debug|Any CPU
		{A743E943-3A2D-4EFC-8672-FDEA205F9A51}.Release|Any CPU.ActiveCfg = Release|Any CPU
		{A743E943-3A2D-4EFC-8672-FDEA205F9A51}.Release|Any CPU.Build.0 = Release|Any CPU
		{16F54250-60C0-42A1-B0C0-851CC033B45D}.Debug|Any CPU.ActiveCfg = Debug|Any CPU
		{16F54250-60C0-42A1-B0C0-851CC033B45D}.Debug|Any CPU.Build.0 = Debug|Any CPU
		{16F54250-60C0-42A1-B0C0-851CC033B45D}.Release|Any CPU.ActiveCfg = Release|Any CPU
		{16F54250-60C0-42A1-B0C0-851CC033B45D}.Release|Any CPU.Build.0 = Release|Any CPU
		{80CC2807-3737-4BD2-AEAF-3D3003A08460}.Debug|Any CPU.ActiveCfg = Debug|Any CPU
		{80CC2807-3737-4BD2-AEAF-3D3003A08460}.Debug|Any CPU.Build.0 = Debug|Any CPU
		{80CC2807-3737-4BD2-AEAF-3D3003A08460}.Release|Any CPU.ActiveCfg = Release|Any CPU
		{80CC2807-3737-4BD2-AEAF-3D3003A08460}.Release|Any CPU.Build.0 = Release|Any CPU
		{8A67DC2F-4FA2-495D-A443-C4E18E46B989}.Debug|Any CPU.ActiveCfg = Debug|Any CPU
		{8A67DC2F-4FA2-495D-A443-C4E18E46B989}.Debug|Any CPU.Build.0 = Debug|Any CPU
		{8A67DC2F-4FA2-495D-A443-C4E18E46B989}.Release|Any CPU.ActiveCfg = Release|Any CPU
		{8A67DC2F-4FA2-495D-A443-C4E18E46B989}.Release|Any CPU.Build.0 = Release|Any CPU
		{1675D7CC-EB84-4B34-9405-76B8D12CD604}.Debug|Any CPU.ActiveCfg = Debug|Any CPU
		{1675D7CC-EB84-4B34-9405-76B8D12CD604}.Debug|Any CPU.Build.0 = Debug|Any CPU
		{1675D7CC-EB84-4B34-9405-76B8D12CD604}.Release|Any CPU.ActiveCfg = Release|Any CPU
		{1675D7CC-EB84-4B34-9405-76B8D12CD604}.Release|Any CPU.Build.0 = Release|Any CPU
		{14A48311-AF8B-483B-A16A-0BFF8BEB25DE}.Debug|Any CPU.ActiveCfg = Debug|Any CPU
		{14A48311-AF8B-483B-A16A-0BFF8BEB25DE}.Debug|Any CPU.Build.0 = Debug|Any CPU
		{14A48311-AF8B-483B-A16A-0BFF8BEB25DE}.Release|Any CPU.ActiveCfg = Release|Any CPU
		{14A48311-AF8B-483B-A16A-0BFF8BEB25DE}.Release|Any CPU.Build.0 = Release|Any CPU
		{EDDC5FAE-78E3-4847-84CA-FED58FB397FE}.Debug|Any CPU.ActiveCfg = Debug|Any CPU
		{EDDC5FAE-78E3-4847-84CA-FED58FB397FE}.Debug|Any CPU.Build.0 = Debug|Any CPU
		{EDDC5FAE-78E3-4847-84CA-FED58FB397FE}.Release|Any CPU.ActiveCfg = Release|Any CPU
		{EDDC5FAE-78E3-4847-84CA-FED58FB397FE}.Release|Any CPU.Build.0 = Release|Any CPU
		{DCE90572-C9D2-4C3B-8417-BD851350A603}.Debug|Any CPU.ActiveCfg = Debug|Any CPU
		{DCE90572-C9D2-4C3B-8417-BD851350A603}.Debug|Any CPU.Build.0 = Debug|Any CPU
		{DCE90572-C9D2-4C3B-8417-BD851350A603}.Release|Any CPU.ActiveCfg = Release|Any CPU
		{DCE90572-C9D2-4C3B-8417-BD851350A603}.Release|Any CPU.Build.0 = Release|Any CPU
		{EE4D84A9-9ED6-4EAD-AB26-FA604FEB6F95}.Debug|Any CPU.ActiveCfg = Debug|Any CPU
		{EE4D84A9-9ED6-4EAD-AB26-FA604FEB6F95}.Debug|Any CPU.Build.0 = Debug|Any CPU
		{EE4D84A9-9ED6-4EAD-AB26-FA604FEB6F95}.Release|Any CPU.ActiveCfg = Release|Any CPU
		{EE4D84A9-9ED6-4EAD-AB26-FA604FEB6F95}.Release|Any CPU.Build.0 = Release|Any CPU
		{1811D5CA-FBF3-46B9-983D-78490B18384E}.Debug|Any CPU.ActiveCfg = Debug|Any CPU
		{1811D5CA-FBF3-46B9-983D-78490B18384E}.Debug|Any CPU.Build.0 = Debug|Any CPU
		{1811D5CA-FBF3-46B9-983D-78490B18384E}.Release|Any CPU.ActiveCfg = Release|Any CPU
		{1811D5CA-FBF3-46B9-983D-78490B18384E}.Release|Any CPU.Build.0 = Release|Any CPU
		{E4C74007-5440-4279-8B2E-4D98B429D26E}.Debug|Any CPU.ActiveCfg = Debug|Any CPU
		{E4C74007-5440-4279-8B2E-4D98B429D26E}.Debug|Any CPU.Build.0 = Debug|Any CPU
		{E4C74007-5440-4279-8B2E-4D98B429D26E}.Release|Any CPU.ActiveCfg = Release|Any CPU
		{E4C74007-5440-4279-8B2E-4D98B429D26E}.Release|Any CPU.Build.0 = Release|Any CPU
	EndGlobalSection
	GlobalSection(SolutionProperties) = preSolution
		HideSolutionNode = FALSE
	EndGlobalSection
	GlobalSection(NestedProjects) = preSolution
		{915E3C47-FE56-456D-99B5-B966F1925550} = {AB20B8E7-93BB-4752-A833-72D32100CFFE}
		{E0B68BC1-115D-4E13-BFD7-670D5854D7B1} = {AB20B8E7-93BB-4752-A833-72D32100CFFE}
		{DD7AF665-F67E-4AA0-B80C-2770B872B1FD} = {AB20B8E7-93BB-4752-A833-72D32100CFFE}
		{F1310663-772C-43E3-A574-CC8EFEB14D31} = {AB20B8E7-93BB-4752-A833-72D32100CFFE}
		{589ABDA0-4909-4CC7-AAA4-32658BEBDFDC} = {AB20B8E7-93BB-4752-A833-72D32100CFFE}
		{E6DDCF1B-29B7-49F1-BA01-908D16265EB9} = {AB20B8E7-93BB-4752-A833-72D32100CFFE}
		{1B771941-7888-4D53-9BEC-39EB75E7A45A} = {AB20B8E7-93BB-4752-A833-72D32100CFFE}
		{61FD399F-A75B-420E-A41E-8E90E7C8D2EA} = {3948F995-A9D9-4BD5-86EC-4FD7993CC9C4}
		{BF8EA56A-14F2-488C-9545-8C0C750164FA} = {3948F995-A9D9-4BD5-86EC-4FD7993CC9C4}
		{F79F930A-B0D2-46CF-9CB3-E2B6D3CD59C0} = {3948F995-A9D9-4BD5-86EC-4FD7993CC9C4}
		{54EAB677-DCFB-49B8-9749-3E1F8AB3FE38} = {A19CBD99-5BFE-4DB8-BF82-7248ED8215C8}
		{1EAC6BE2-0F1E-4F88-9F90-51B39D5EACBC} = {A19CBD99-5BFE-4DB8-BF82-7248ED8215C8}
		{ABD76CF8-6D78-4D2C-A021-F63FC52A5DA1} = {A19CBD99-5BFE-4DB8-BF82-7248ED8215C8}
		{4B899BC2-AAC9-4D2A-8925-B9992A1F3CE8} = {A19CBD99-5BFE-4DB8-BF82-7248ED8215C8}
		{8727A93E-6ECD-454C-ABB2-C6CD8C88C422} = {A19CBD99-5BFE-4DB8-BF82-7248ED8215C8}
		{F3EC8458-40CD-4CA1-A266-F7EFF954977F} = {A19CBD99-5BFE-4DB8-BF82-7248ED8215C8}
		{0D5742B7-CA89-4FD3-A211-FF4D53B87BCA} = {A19CBD99-5BFE-4DB8-BF82-7248ED8215C8}
		{01E15852-7A77-4768-91D5-28B56BC3BB64} = {D6BA8499-D432-4029-8B73-66998F906F71}
		{3174AAFB-AC58-42C8-925B-B996ECA9ED3D} = {D6BA8499-D432-4029-8B73-66998F906F71}
		{C3769EE0-55F3-42EC-AAC0-3385E2461BB5} = {D6BA8499-D432-4029-8B73-66998F906F71}
		{1D9FAC82-1CD9-4EF9-A7C0-D5D59716E734} = {D6BA8499-D432-4029-8B73-66998F906F71}
		{0B843FCF-06F6-4F44-A765-B646512A4B27} = {D6BA8499-D432-4029-8B73-66998F906F71}
		{B5681B21-238F-4374-9125-4A65C79F96D8} = {D6BA8499-D432-4029-8B73-66998F906F71}
		{16F54250-60C0-42A1-B0C0-851CC033B45D} = {D6BA8499-D432-4029-8B73-66998F906F71}
		{8A67DC2F-4FA2-495D-A443-C4E18E46B989} = {D6BA8499-D432-4029-8B73-66998F906F71}
		{48D5B05A-025B-420B-B651-217B336222B7} = {504B6083-B205-4909-BE0E-8C68A8874E74}
		{A743E943-3A2D-4EFC-8672-FDEA205F9A51} = {504B6083-B205-4909-BE0E-8C68A8874E74}
		{80CC2807-3737-4BD2-AEAF-3D3003A08460} = {504B6083-B205-4909-BE0E-8C68A8874E74}
		{5FC9BF52-E2EB-4194-B005-3B77CBE1812D} = {504B6083-B205-4909-BE0E-8C68A8874E74}
		{1675D7CC-EB84-4B34-9405-76B8D12CD604} = {B52A5CC1-CF0D-4082-A612-DD7142857ED7}
		{14A48311-AF8B-483B-A16A-0BFF8BEB25DE} = {B52A5CC1-CF0D-4082-A612-DD7142857ED7}
		{EDDC5FAE-78E3-4847-84CA-FED58FB397FE} = {B52A5CC1-CF0D-4082-A612-DD7142857ED7}
		{DCE90572-C9D2-4C3B-8417-BD851350A603} = {B52A5CC1-CF0D-4082-A612-DD7142857ED7}
		{1811D5CA-FBF3-46B9-983D-78490B18384E} = {B52A5CC1-CF0D-4082-A612-DD7142857ED7}
		{EE4D84A9-9ED6-4EAD-AB26-FA604FEB6F95} = {B52A5CC1-CF0D-4082-A612-DD7142857ED7}
		{E4C74007-5440-4279-8B2E-4D98B429D26E} = {94DB07A7-6337-4963-83E5-6305A8A7760A}
	EndGlobalSection
EndGlobal
